
Microsoft Visual Studio Solution File, Format Version 12.00
# Visual Studio 15
VisualStudioVersion = 15.0.26124.0
MinimumVisualStudioVersion = 15.0.26124.0
Project("{FAE04EC0-301F-11D3-BF4B-00C04F79EFBC}") = "api", "api\api.csproj", "{D5828AC8-B835-4C6C-B72D-E3659DDFF875}"
EndProject
Project("{FAE04EC0-301F-11D3-BF4B-00C04F79EFBC}") = "test", "test\test.csproj", "{AE1BD63A-2AA6-4016-95A3-59344606D5F1}"
EndProject
Project("{FAE04EC0-301F-11D3-BF4B-00C04F79EFBC}") = "db", "db\db.csproj", "{DB1BCCE8-8209-450C-B6D0-C92617681C01}"
EndProject
Global
	GlobalSection(SolutionConfigurationPlatforms) = preSolution
		Debug|Any CPU = Debug|Any CPU
		Debug|x64 = Debug|x64
		Debug|x86 = Debug|x86
		Release|Any CPU = Release|Any CPU
		Release|x64 = Release|x64
		Release|x86 = Release|x86
	EndGlobalSection
	GlobalSection(SolutionProperties) = preSolution
		HideSolutionNode = FALSE
	EndGlobalSection
	GlobalSection(ProjectConfigurationPlatforms) = postSolution
		{D5828AC8-B835-4C6C-B72D-E3659DDFF875}.Debug|Any CPU.ActiveCfg = Debug|Any CPU
		{D5828AC8-B835-4C6C-B72D-E3659DDFF875}.Debug|Any CPU.Build.0 = Debug|Any CPU
		{D5828AC8-B835-4C6C-B72D-E3659DDFF875}.Debug|x64.ActiveCfg = Debug|Any CPU
		{D5828AC8-B835-4C6C-B72D-E3659DDFF875}.Debug|x64.Build.0 = Debug|Any CPU
		{D5828AC8-B835-4C6C-B72D-E3659DDFF875}.Debug|x86.ActiveCfg = Debug|Any CPU
		{D5828AC8-B835-4C6C-B72D-E3659DDFF875}.Debug|x86.Build.0 = Debug|Any CPU
		{D5828AC8-B835-4C6C-B72D-E3659DDFF875}.Release|Any CPU.ActiveCfg = Release|Any CPU
		{D5828AC8-B835-4C6C-B72D-E3659DDFF875}.Release|Any CPU.Build.0 = Release|Any CPU
		{D5828AC8-B835-4C6C-B72D-E3659DDFF875}.Release|x64.ActiveCfg = Release|Any CPU
		{D5828AC8-B835-4C6C-B72D-E3659DDFF875}.Release|x64.Build.0 = Release|Any CPU
		{D5828AC8-B835-4C6C-B72D-E3659DDFF875}.Release|x86.ActiveCfg = Release|Any CPU
		{D5828AC8-B835-4C6C-B72D-E3659DDFF875}.Release|x86.Build.0 = Release|Any CPU
		{AE1BD63A-2AA6-4016-95A3-59344606D5F1}.Debug|Any CPU.ActiveCfg = Debug|Any CPU
		{AE1BD63A-2AA6-4016-95A3-59344606D5F1}.Debug|Any CPU.Build.0 = Debug|Any CPU
		{AE1BD63A-2AA6-4016-95A3-59344606D5F1}.Debug|x64.ActiveCfg = Debug|Any CPU
		{AE1BD63A-2AA6-4016-95A3-59344606D5F1}.Debug|x64.Build.0 = Debug|Any CPU
		{AE1BD63A-2AA6-4016-95A3-59344606D5F1}.Debug|x86.ActiveCfg = Debug|Any CPU
		{AE1BD63A-2AA6-4016-95A3-59344606D5F1}.Debug|x86.Build.0 = Debug|Any CPU
		{AE1BD63A-2AA6-4016-95A3-59344606D5F1}.Release|Any CPU.ActiveCfg = Release|Any CPU
		{AE1BD63A-2AA6-4016-95A3-59344606D5F1}.Release|Any CPU.Build.0 = Release|Any CPU
		{AE1BD63A-2AA6-4016-95A3-59344606D5F1}.Release|x64.ActiveCfg = Release|Any CPU
		{AE1BD63A-2AA6-4016-95A3-59344606D5F1}.Release|x64.Build.0 = Release|Any CPU
		{AE1BD63A-2AA6-4016-95A3-59344606D5F1}.Release|x86.ActiveCfg = Release|Any CPU
		{AE1BD63A-2AA6-4016-95A3-59344606D5F1}.Release|x86.Build.0 = Release|Any CPU
		{DB1BCCE8-8209-450C-B6D0-C92617681C01}.Debug|Any CPU.ActiveCfg = Debug|Any CPU
		{DB1BCCE8-8209-450C-B6D0-C92617681C01}.Debug|Any CPU.Build.0 = Debug|Any CPU
		{DB1BCCE8-8209-450C-B6D0-C92617681C01}.Debug|x64.ActiveCfg = Debug|Any CPU
		{DB1BCCE8-8209-450C-B6D0-C92617681C01}.Debug|x64.Build.0 = Debug|Any CPU
		{DB1BCCE8-8209-450C-B6D0-C92617681C01}.Debug|x86.ActiveCfg = Debug|Any CPU
		{DB1BCCE8-8209-450C-B6D0-C92617681C01}.Debug|x86.Build.0 = Debug|Any CPU
		{DB1BCCE8-8209-450C-B6D0-C92617681C01}.Release|Any CPU.ActiveCfg = Release|Any CPU
		{DB1BCCE8-8209-450C-B6D0-C92617681C01}.Release|Any CPU.Build.0 = Release|Any CPU
		{DB1BCCE8-8209-450C-B6D0-C92617681C01}.Release|x64.ActiveCfg = Release|Any CPU
		{DB1BCCE8-8209-450C-B6D0-C92617681C01}.Release|x64.Build.0 = Release|Any CPU
		{DB1BCCE8-8209-450C-B6D0-C92617681C01}.Release|x86.ActiveCfg = Release|Any CPU
		{DB1BCCE8-8209-450C-B6D0-C92617681C01}.Release|x86.Build.0 = Release|Any CPU
	EndGlobalSection
EndGlobal
